
Microsoft Visual Studio Solution File, Format Version 12.00
# Visual Studio Version 16
VisualStudioVersion = 16.0.30611.23
MinimumVisualStudioVersion = 10.0.40219.1
Project("{FAE04EC0-301F-11D3-BF4B-00C04F79EFBC}") = "SalesWebMVC", "SalesWebMVC\SalesWebMVC.csproj", "{E73ACCB1-3CD4-4344-980D-29D222FE64C0}"
EndProject
Global
	GlobalSection(SolutionConfigurationPlatforms) = preSolution
		Debug|Any CPU = Debug|Any CPU
		Release|Any CPU = Release|Any CPU
	EndGlobalSection
	GlobalSection(ProjectConfigurationPlatforms) = postSolution
		{E73ACCB1-3CD4-4344-980D-29D222FE64C0}.Debug|Any CPU.ActiveCfg = Debug|Any CPU
		{E73ACCB1-3CD4-4344-980D-29D222FE64C0}.Debug|Any CPU.Build.0 = Debug|Any CPU
		{E73ACCB1-3CD4-4344-980D-29D222FE64C0}.Release|Any CPU.ActiveCfg = Release|Any CPU
		{E73ACCB1-3CD4-4344-980D-29D222FE64C0}.Release|Any CPU.Build.0 = Release|Any CPU
	EndGlobalSection
	GlobalSection(SolutionProperties) = preSolution
		HideSolutionNode = FALSE
	EndGlobalSection
	GlobalSection(ExtensibilityGlobals) = postSolution
		SolutionGuid = {DCCA9451-3102-47E7-9A8B-40918ECE3D11}
	EndGlobalSection
EndGlobal
